
Microsoft Visual Studio Solution File, Format Version 12.00
# Visual Studio Version 17
VisualStudioVersion = 17.7.34024.191
MinimumVisualStudioVersion = 10.0.40219.1
Project("{9A19103F-16F7-4668-BE54-9A1E7A4F7556}") = "Multithreading", "Multithreading\Multithreading.csproj", "{FEC8DCFD-CBF5-4401-979D-0CB8420FB912}"
EndProject
Project("{FAE04EC0-301F-11D3-BF4B-00C04F79EFBC}") = "AsynchronousWPF", "AsynchronousWPF\AsynchronousWPF.csproj", "{C7CBA285-8C4B-4318-B450-902C804BAB24}"
EndProject
Project("{FAE04EC0-301F-11D3-BF4B-00C04F79EFBC}") = "WPFThreading", "WPFThreading\WPFThreading.csproj", "{434BC8DD-E880-4A59-9AD6-84364E1B97C0}"
EndProject
Project("{FAE04EC0-301F-11D3-BF4B-00C04F79EFBC}") = "UwpThreading", "UwpThreading\UwpThreading.csproj", "{0EDEDC43-AD16-4E84-A3C4-572A033F78ED}"
EndProject
Project("{FAE04EC0-301F-11D3-BF4B-00C04F79EFBC}") = "WinFormsThreading", "WinFormsThreading\WinFormsThreading.csproj", "{418E649F-175C-4448-B5E1-7B07EC214566}"
EndProject
Project("{9A19103F-16F7-4668-BE54-9A1E7A4F7556}") = "AsynchronousTests", "AsynchronousTests\AsynchronousTests.csproj", "{11F0D8EF-DD2A-4759-8240-2BA2151A0E29}"
EndProject
Project("{FAE04EC0-301F-11D3-BF4B-00C04F79EFBC}") = "MyWpfApp", "MyWpfApp\MyWpfApp.csproj", "{75FA9F7A-D717-4A59-A17A-4CC605FA04E2}"
EndProject
Project("{FAE04EC0-301F-11D3-BF4B-00C04F79EFBC}") = "MyLib", "MyLib\MyLib.csproj", "{550E0A07-41DC-4032-80CC-F9E23B170A44}"
EndProject
Global
	GlobalSection(SolutionConfigurationPlatforms) = preSolution
		Debug|Any CPU = Debug|Any CPU
		Debug|ARM = Debug|ARM
		Debug|x64 = Debug|x64
		Debug|x86 = Debug|x86
		Release|Any CPU = Release|Any CPU
		Release|ARM = Release|ARM
		Release|x64 = Release|x64
		Release|x86 = Release|x86
	EndGlobalSection
	GlobalSection(ProjectConfigurationPlatforms) = postSolution
		{FEC8DCFD-CBF5-4401-979D-0CB8420FB912}.Debug|Any CPU.ActiveCfg = Debug|Any CPU
		{FEC8DCFD-CBF5-4401-979D-0CB8420FB912}.Debug|Any CPU.Build.0 = Debug|Any CPU
		{FEC8DCFD-CBF5-4401-979D-0CB8420FB912}.Debug|ARM.ActiveCfg = Debug|Any CPU
		{FEC8DCFD-CBF5-4401-979D-0CB8420FB912}.Debug|ARM.Build.0 = Debug|Any CPU
		{FEC8DCFD-CBF5-4401-979D-0CB8420FB912}.Debug|x64.ActiveCfg = Debug|Any CPU
		{FEC8DCFD-CBF5-4401-979D-0CB8420FB912}.Debug|x64.Build.0 = Debug|Any CPU
		{FEC8DCFD-CBF5-4401-979D-0CB8420FB912}.Debug|x86.ActiveCfg = Debug|Any CPU
		{FEC8DCFD-CBF5-4401-979D-0CB8420FB912}.Debug|x86.Build.0 = Debug|Any CPU
		{FEC8DCFD-CBF5-4401-979D-0CB8420FB912}.Release|Any CPU.ActiveCfg = Release|Any CPU
		{FEC8DCFD-CBF5-4401-979D-0CB8420FB912}.Release|Any CPU.Build.0 = Release|Any CPU
		{FEC8DCFD-CBF5-4401-979D-0CB8420FB912}.Release|ARM.ActiveCfg = Release|Any CPU
		{FEC8DCFD-CBF5-4401-979D-0CB8420FB912}.Release|ARM.Build.0 = Release|Any CPU
		{FEC8DCFD-CBF5-4401-979D-0CB8420FB912}.Release|x64.ActiveCfg = Release|Any CPU
		{FEC8DCFD-CBF5-4401-979D-0CB8420FB912}.Release|x64.Build.0 = Release|Any CPU
		{FEC8DCFD-CBF5-4401-979D-0CB8420FB912}.Release|x86.ActiveCfg = Release|Any CPU
		{FEC8DCFD-CBF5-4401-979D-0CB8420FB912}.Release|x86.Build.0 = Release|Any CPU
		{C7CBA285-8C4B-4318-B450-902C804BAB24}.Debug|Any CPU.ActiveCfg = Debug|Any CPU
		{C7CBA285-8C4B-4318-B450-902C804BAB24}.Debug|Any CPU.Build.0 = Debug|Any CPU
		{C7CBA285-8C4B-4318-B450-902C804BAB24}.Debug|ARM.ActiveCfg = Debug|Any CPU
		{C7CBA285-8C4B-4318-B450-902C804BAB24}.Debug|ARM.Build.0 = Debug|Any CPU
		{C7CBA285-8C4B-4318-B450-902C804BAB24}.Debug|x64.ActiveCfg = Debug|Any CPU
		{C7CBA285-8C4B-4318-B450-902C804BAB24}.Debug|x64.Build.0 = Debug|Any CPU
		{C7CBA285-8C4B-4318-B450-902C804BAB24}.Debug|x86.ActiveCfg = Debug|Any CPU
		{C7CBA285-8C4B-4318-B450-902C804BAB24}.Debug|x86.Build.0 = Debug|Any CPU
		{C7CBA285-8C4B-4318-B450-902C804BAB24}.Release|Any CPU.ActiveCfg = Release|Any CPU
		{C7CBA285-8C4B-4318-B450-902C804BAB24}.Release|Any CPU.Build.0 = Release|Any CPU
		{C7CBA285-8C4B-4318-B450-902C804BAB24}.Release|ARM.ActiveCfg = Release|Any CPU
		{C7CBA285-8C4B-4318-B450-902C804BAB24}.Release|ARM.Build.0 = Release|Any CPU
		{C7CBA285-8C4B-4318-B450-902C804BAB24}.Release|x64.ActiveCfg = Release|Any CPU
		{C7CBA285-8C4B-4318-B450-902C804BAB24}.Release|x64.Build.0 = Release|Any CPU
		{C7CBA285-8C4B-4318-B450-902C804BAB24}.Release|x86.ActiveCfg = Release|Any CPU
		{C7CBA285-8C4B-4318-B450-902C804BAB24}.Release|x86.Build.0 = Release|Any CPU
		{434BC8DD-E880-4A59-9AD6-84364E1B97C0}.Debug|Any CPU.ActiveCfg = Debug|Any CPU
		{434BC8DD-E880-4A59-9AD6-84364E1B97C0}.Debug|Any CPU.Build.0 = Debug|Any CPU
		{434BC8DD-E880-4A59-9AD6-84364E1B97C0}.Debug|ARM.ActiveCfg = Debug|Any CPU
		{434BC8DD-E880-4A59-9AD6-84364E1B97C0}.Debug|ARM.Build.0 = Debug|Any CPU
		{434BC8DD-E880-4A59-9AD6-84364E1B97C0}.Debug|x64.ActiveCfg = Debug|Any CPU
		{434BC8DD-E880-4A59-9AD6-84364E1B97C0}.Debug|x64.Build.0 = Debug|Any CPU
		{434BC8DD-E880-4A59-9AD6-84364E1B97C0}.Debug|x86.ActiveCfg = Debug|Any CPU
		{434BC8DD-E880-4A59-9AD6-84364E1B97C0}.Debug|x86.Build.0 = Debug|Any CPU
		{434BC8DD-E880-4A59-9AD6-84364E1B97C0}.Release|Any CPU.ActiveCfg = Release|Any CPU
		{434BC8DD-E880-4A59-9AD6-84364E1B97C0}.Release|Any CPU.Build.0 = Release|Any CPU
		{434BC8DD-E880-4A59-9AD6-84364E1B97C0}.Release|ARM.ActiveCfg = Release|Any CPU
		{434BC8DD-E880-4A59-9AD6-84364E1B97C0}.Release|ARM.Build.0 = Release|Any CPU
		{434BC8DD-E880-4A59-9AD6-84364E1B97C0}.Release|x64.ActiveCfg = Release|Any CPU
		{434BC8DD-E880-4A59-9AD6-84364E1B97C0}.Release|x64.Build.0 = Release|Any CPU
		{434BC8DD-E880-4A59-9AD6-84364E1B97C0}.Release|x86.ActiveCfg = Release|Any CPU
		{434BC8DD-E880-4A59-9AD6-84364E1B97C0}.Release|x86.Build.0 = Release|Any CPU
		{0EDEDC43-AD16-4E84-A3C4-572A033F78ED}.Debug|Any CPU.ActiveCfg = Debug|x86
		{0EDEDC43-AD16-4E84-A3C4-572A033F78ED}.Debug|ARM.ActiveCfg = Debug|ARM
		{0EDEDC43-AD16-4E84-A3C4-572A033F78ED}.Debug|ARM.Build.0 = Debug|ARM
		{0EDEDC43-AD16-4E84-A3C4-572A033F78ED}.Debug|ARM.Deploy.0 = Debug|ARM
		{0EDEDC43-AD16-4E84-A3C4-572A033F78ED}.Debug|x64.ActiveCfg = Debug|x64
		{0EDEDC43-AD16-4E84-A3C4-572A033F78ED}.Debug|x64.Build.0 = Debug|x64
		{0EDEDC43-AD16-4E84-A3C4-572A033F78ED}.Debug|x64.Deploy.0 = Debug|x64
		{0EDEDC43-AD16-4E84-A3C4-572A033F78ED}.Debug|x86.ActiveCfg = Debug|x86
		{0EDEDC43-AD16-4E84-A3C4-572A033F78ED}.Debug|x86.Build.0 = Debug|x86
		{0EDEDC43-AD16-4E84-A3C4-572A033F78ED}.Debug|x86.Deploy.0 = Debug|x86
		{0EDEDC43-AD16-4E84-A3C4-572A033F78ED}.Release|Any CPU.ActiveCfg = Release|x86
		{0EDEDC43-AD16-4E84-A3C4-572A033F78ED}.Release|ARM.ActiveCfg = Release|ARM
		{0EDEDC43-AD16-4E84-A3C4-572A033F78ED}.Release|ARM.Build.0 = Release|ARM
		{0EDEDC43-AD16-4E84-A3C4-572A033F78ED}.Release|ARM.Deploy.0 = Release|ARM
		{0EDEDC43-AD16-4E84-A3C4-572A033F78ED}.Release|x64.ActiveCfg = Release|x64
		{0EDEDC43-AD16-4E84-A3C4-572A033F78ED}.Release|x64.Build.0 = Release|x64
		{0EDEDC43-AD16-4E84-A3C4-572A033F78ED}.Release|x64.Deploy.0 = Release|x64
		{0EDEDC43-AD16-4E84-A3C4-572A033F78ED}.Release|x86.ActiveCfg = Release|x86
		{0EDEDC43-AD16-4E84-A3C4-572A033F78ED}.Release|x86.Build.0 = Release|x86
		{0EDEDC43-AD16-4E84-A3C4-572A033F78ED}.Release|x86.Deploy.0 = Release|x86
		{418E649F-175C-4448-B5E1-7B07EC214566}.Debug|Any CPU.ActiveCfg = Debug|Any CPU
		{418E649F-175C-4448-B5E1-7B07EC214566}.Debug|Any CPU.Build.0 = Debug|Any CPU
		{418E649F-175C-4448-B5E1-7B07EC214566}.Debug|ARM.ActiveCfg = Debug|Any CPU
		{418E649F-175C-4448-B5E1-7B07EC214566}.Debug|ARM.Build.0 = Debug|Any CPU
		{418E649F-175C-4448-B5E1-7B07EC214566}.Debug|x64.ActiveCfg = Debug|Any CPU
		{418E649F-175C-4448-B5E1-7B07EC214566}.Debug|x64.Build.0 = Debug|Any CPU
		{418E649F-175C-4448-B5E1-7B07EC214566}.Debug|x86.ActiveCfg = Debug|Any CPU
		{418E649F-175C-4448-B5E1-7B07EC214566}.Debug|x86.Build.0 = Debug|Any CPU
		{418E649F-175C-4448-B5E1-7B07EC214566}.Release|Any CPU.ActiveCfg = Release|Any CPU
		{418E649F-175C-4448-B5E1-7B07EC214566}.Release|Any CPU.Build.0 = Release|Any CPU
		{418E649F-175C-4448-B5E1-7B07EC214566}.Release|ARM.ActiveCfg = Release|Any CPU
		{418E649F-175C-4448-B5E1-7B07EC214566}.Release|ARM.Build.0 = Release|Any CPU
		{418E649F-175C-4448-B5E1-7B07EC214566}.Release|x64.ActiveCfg = Release|Any CPU
		{418E649F-175C-4448-B5E1-7B07EC214566}.Release|x64.Build.0 = Release|Any CPU
		{418E649F-175C-4448-B5E1-7B07EC214566}.Release|x86.ActiveCfg = Release|Any CPU
		{418E649F-175C-4448-B5E1-7B07EC214566}.Release|x86.Build.0 = Release|Any CPU
		{11F0D8EF-DD2A-4759-8240-2BA2151A0E29}.Debug|Any CPU.ActiveCfg = Debug|Any CPU
		{11F0D8EF-DD2A-4759-8240-2BA2151A0E29}.Debug|Any CPU.Build.0 = Debug|Any CPU
		{11F0D8EF-DD2A-4759-8240-2BA2151A0E29}.Debug|ARM.ActiveCfg = Debug|Any CPU
		{11F0D8EF-DD2A-4759-8240-2BA2151A0E29}.Debug|ARM.Build.0 = Debug|Any CPU
		{11F0D8EF-DD2A-4759-8240-2BA2151A0E29}.Debug|x64.ActiveCfg = Debug|Any CPU
		{11F0D8EF-DD2A-4759-8240-2BA2151A0E29}.Debug|x64.Build.0 = Debug|Any CPU
		{11F0D8EF-DD2A-4759-8240-2BA2151A0E29}.Debug|x86.ActiveCfg = Debug|Any CPU
		{11F0D8EF-DD2A-4759-8240-2BA2151A0E29}.Debug|x86.Build.0 = Debug|Any CPU
		{11F0D8EF-DD2A-4759-8240-2BA2151A0E29}.Release|Any CPU.ActiveCfg = Release|Any CPU
		{11F0D8EF-DD2A-4759-8240-2BA2151A0E29}.Release|Any CPU.Build.0 = Release|Any CPU
		{11F0D8EF-DD2A-4759-8240-2BA2151A0E29}.Release|ARM.ActiveCfg = Release|Any CPU
		{11F0D8EF-DD2A-4759-8240-2BA2151A0E29}.Release|ARM.Build.0 = Release|Any CPU
		{11F0D8EF-DD2A-4759-8240-2BA2151A0E29}.Release|x64.ActiveCfg = Release|Any CPU
		{11F0D8EF-DD2A-4759-8240-2BA2151A0E29}.Release|x64.Build.0 = Release|Any CPU
		{11F0D8EF-DD2A-4759-8240-2BA2151A0E29}.Release|x86.ActiveCfg = Release|Any CPU
		{11F0D8EF-DD2A-4759-8240-2BA2151A0E29}.Release|x86.Build.0 = Release|Any CPU
		{75FA9F7A-D717-4A59-A17A-4CC605FA04E2}.Debug|Any CPU.ActiveCfg = Debug|Any CPU
		{75FA9F7A-D717-4A59-A17A-4CC605FA04E2}.Debug|Any CPU.Build.0 = Debug|Any CPU
		{75FA9F7A-D717-4A59-A17A-4CC605FA04E2}.Debug|ARM.ActiveCfg = Debug|Any CPU
		{75FA9F7A-D717-4A59-A17A-4CC605FA04E2}.Debug|ARM.Build.0 = Debug|Any CPU
		{75FA9F7A-D717-4A59-A17A-4CC605FA04E2}.Debug|x64.ActiveCfg = Debug|Any CPU
		{75FA9F7A-D717-4A59-A17A-4CC605FA04E2}.Debug|x64.Build.0 = Debug|Any CPU
		{75FA9F7A-D717-4A59-A17A-4CC605FA04E2}.Debug|x86.ActiveCfg = Debug|Any CPU
		{75FA9F7A-D717-4A59-A17A-4CC605FA04E2}.Debug|x86.Build.0 = Debug|Any CPU
		{75FA9F7A-D717-4A59-A17A-4CC605FA04E2}.Release|Any CPU.ActiveCfg = Release|Any CPU
		{75FA9F7A-D717-4A59-A17A-4CC605FA04E2}.Release|Any CPU.Build.0 = Release|Any CPU
		{75FA9F7A-D717-4A59-A17A-4CC605FA04E2}.Release|ARM.ActiveCfg = Release|Any CPU
		{75FA9F7A-D717-4A59-A17A-4CC605FA04E2}.Release|ARM.Build.0 = Release|Any CPU
		{75FA9F7A-D717-4A59-A17A-4CC605FA04E2}.Release|x64.ActiveCfg = Release|Any CPU
		{75FA9F7A-D717-4A59-A17A-4CC605FA04E2}.Release|x64.Build.0 = Release|Any CPU
		{75FA9F7A-D717-4A59-A17A-4CC605FA04E2}.Release|x86.ActiveCfg = Release|Any CPU
		{75FA9F7A-D717-4A59-A17A-4CC605FA04E2}.Release|x86.Build.0 = Release|Any CPU
		{550E0A07-41DC-4032-80CC-F9E23B170A44}.Debug|Any CPU.ActiveCfg = Debug|Any CPU
		{550E0A07-41DC-4032-80CC-F9E23B170A44}.Debug|Any CPU.Build.0 = Debug|Any CPU
		{550E0A07-41DC-4032-80CC-F9E23B170A44}.Debug|ARM.ActiveCfg = Debug|Any CPU
		{550E0A07-41DC-4032-80CC-F9E23B170A44}.Debug|ARM.Build.0 = Debug|Any CPU
		{550E0A07-41DC-4032-80CC-F9E23B170A44}.Debug|x64.ActiveCfg = Debug|Any CPU
		{550E0A07-41DC-4032-80CC-F9E23B170A44}.Debug|x64.Build.0 = Debug|Any CPU
		{550E0A07-41DC-4032-80CC-F9E23B170A44}.Debug|x86.ActiveCfg = Debug|Any CPU
		{550E0A07-41DC-4032-80CC-F9E23B170A44}.Debug|x86.Build.0 = Debug|Any CPU
		{550E0A07-41DC-4032-80CC-F9E23B170A44}.Release|Any CPU.ActiveCfg = Release|Any CPU
		{550E0A07-41DC-4032-80CC-F9E23B170A44}.Release|Any CPU.Build.0 = Release|Any CPU
		{550E0A07-41DC-4032-80CC-F9E23B170A44}.Release|ARM.ActiveCfg = Release|Any CPU
		{550E0A07-41DC-4032-80CC-F9E23B170A44}.Release|ARM.Build.0 = Release|Any CPU
		{550E0A07-41DC-4032-80CC-F9E23B170A44}.Release|x64.ActiveCfg = Release|Any CPU
		{550E0A07-41DC-4032-80CC-F9E23B170A44}.Release|x64.Build.0 = Release|Any CPU
		{550E0A07-41DC-4032-80CC-F9E23B170A44}.Release|x86.ActiveCfg = Release|Any CPU
		{550E0A07-41DC-4032-80CC-F9E23B170A44}.Release|x86.Build.0 = Release|Any CPU
	EndGlobalSection
	GlobalSection(SolutionProperties) = preSolution
		HideSolutionNode = FALSE
	EndGlobalSection
	GlobalSection(ExtensibilityGlobals) = postSolution
		SolutionGuid = {F83113E6-6F11-4387-AC3C-17E2DC1E3609}
	EndGlobalSection
EndGlobal
